// !$*UTF8*$!
{
	archiveVersion = 1;
	classes = {
	};
	objectVersion = 46;
	objects = {

/* Begin PBXBuildFile section */
		71308A951C1A077800A2EBEE /* AppDelegate.swift in Sources */ = {isa = PBXBuildFile; fileRef = 71308A941C1A077800A2EBEE /* AppDelegate.swift */; };
		71308A9A1C1A077800A2EBEE /* Main.storyboard in Resources */ = {isa = PBXBuildFile; fileRef = 71308A981C1A077800A2EBEE /* Main.storyboard */; };
		71308A9C1C1A077800A2EBEE /* Assets.xcassets in Resources */ = {isa = PBXBuildFile; fileRef = 71308A9B1C1A077800A2EBEE /* Assets.xcassets */; };
		71308A9F1C1A077800A2EBEE /* LaunchScreen.storyboard in Resources */ = {isa = PBXBuildFile; fileRef = 71308A9D1C1A077800A2EBEE /* LaunchScreen.storyboard */; };
		71308AAA1C1A077800A2EBEE /* IceCreamTests.swift in Sources */ = {isa = PBXBuildFile; fileRef = 71308AA91C1A077800A2EBEE /* IceCreamTests.swift */; };
		71308AB51C1A077800A2EBEE /* IceCreamUITests.swift in Sources */ = {isa = PBXBuildFile; fileRef = 71308AB41C1A077800A2EBEE /* IceCreamUITests.swift */; };
		71308AC31C1A082100A2EBEE /* IceCreamListViewController.swift in Sources */ = {isa = PBXBuildFile; fileRef = 71308AC21C1A082100A2EBEE /* IceCreamListViewController.swift */; };
		71308AC51C1A091B00A2EBEE /* IceCreamStore.swift in Sources */ = {isa = PBXBuildFile; fileRef = 71308AC41C1A091B00A2EBEE /* IceCreamStore.swift */; };
/* End PBXBuildFile section */

/* Begin PBXContainerItemProxy section */
		71308AA61C1A077800A2EBEE /* PBXContainerItemProxy */ = {
			isa = PBXContainerItemProxy;
			containerPortal = 71308A891C1A077800A2EBEE /* Project object */;
			proxyType = 1;
			remoteGlobalIDString = 71308A901C1A077800A2EBEE;
			remoteInfo = IceCream;
		};
		71308AB11C1A077800A2EBEE /* PBXContainerItemProxy */ = {
			isa = PBXContainerItemProxy;
			containerPortal = 71308A891C1A077800A2EBEE /* Project object */;
			proxyType = 1;
			remoteGlobalIDString = 71308A901C1A077800A2EBEE;
			remoteInfo = IceCream;
		};
/* End PBXContainerItemProxy section */

/* Begin PBXFileReference section */
		71308A911C1A077800A2EBEE /* IceCream.app */ = {isa = PBXFileReference; explicitFileType = wrapper.application; includeInIndex = 0; path = IceCream.app; sourceTree = BUILT_PRODUCTS_DIR; };
		71308A941C1A077800A2EBEE /* AppDelegate.swift */ = {isa = PBXFileReference; lastKnownFileType = sourcecode.swift; path = AppDelegate.swift; sourceTree = "<group>"; };
		71308A991C1A077800A2EBEE /* Base */ = {isa = PBXFileReference; lastKnownFileType = file.storyboard; name = Base; path = Base.lproj/Main.storyboard; sourceTree = "<group>"; };
		71308A9B1C1A077800A2EBEE /* Assets.xcassets */ = {isa = PBXFileReference; lastKnownFileType = folder.assetcatalog; path = Assets.xcassets; sourceTree = "<group>"; };
		71308A9E1C1A077800A2EBEE /* Base */ = {isa = PBXFileReference; lastKnownFileType = file.storyboard; name = Base; path = Base.lproj/LaunchScreen.storyboard; sourceTree = "<group>"; };
		71308AA01C1A077800A2EBEE /* Info.plist */ = {isa = PBXFileReference; lastKnownFileType = text.plist.xml; path = Info.plist; sourceTree = "<group>"; };
		71308AA51C1A077800A2EBEE /* IceCreamTests.xctest */ = {isa = PBXFileReference; explicitFileType = wrapper.cfbundle; includeInIndex = 0; path = IceCreamTests.xctest; sourceTree = BUILT_PRODUCTS_DIR; };
		71308AA91C1A077800A2EBEE /* IceCreamTests.swift */ = {isa = PBXFileReference; lastKnownFileType = sourcecode.swift; path = IceCreamTests.swift; sourceTree = "<group>"; };
		71308AAB1C1A077800A2EBEE /* Info.plist */ = {isa = PBXFileReference; lastKnownFileType = text.plist.xml; path = Info.plist; sourceTree = "<group>"; };
		71308AB01C1A077800A2EBEE /* IceCreamUITests.xctest */ = {isa = PBXFileReference; explicitFileType = wrapper.cfbundle; includeInIndex = 0; path = IceCreamUITests.xctest; sourceTree = BUILT_PRODUCTS_DIR; };
		71308AB41C1A077800A2EBEE /* IceCreamUITests.swift */ = {isa = PBXFileReference; lastKnownFileType = sourcecode.swift; path = IceCreamUITests.swift; sourceTree = "<group>"; };
		71308AB61C1A077800A2EBEE /* Info.plist */ = {isa = PBXFileReference; lastKnownFileType = text.plist.xml; path = Info.plist; sourceTree = "<group>"; };
		71308AC21C1A082100A2EBEE /* IceCreamListViewController.swift */ = {isa = PBXFileReference; fileEncoding = 4; lastKnownFileType = sourcecode.swift; path = IceCreamListViewController.swift; sourceTree = "<group>"; };
		71308AC41C1A091B00A2EBEE /* IceCreamStore.swift */ = {isa = PBXFileReference; fileEncoding = 4; lastKnownFileType = sourcecode.swift; path = IceCreamStore.swift; sourceTree = "<group>"; };
/* End PBXFileReference section */

/* Begin PBXFrameworksBuildPhase section */
		71308A8E1C1A077800A2EBEE /* Frameworks */ = {
			isa = PBXFrameworksBuildPhase;
			buildActionMask = 2147483647;
			files = (
			);
			runOnlyForDeploymentPostprocessing = 0;
		};
		71308AA21C1A077800A2EBEE /* Frameworks */ = {
			isa = PBXFrameworksBuildPhase;
			buildActionMask = 2147483647;
			files = (
			);
			runOnlyForDeploymentPostprocessing = 0;
		};
		71308AAD1C1A077800A2EBEE /* Frameworks */ = {
			isa = PBXFrameworksBuildPhase;
			buildActionMask = 2147483647;
			files = (
			);
			runOnlyForDeploymentPostprocessing = 0;
		};
/* End PBXFrameworksBuildPhase section */

/* Begin PBXGroup section */
		71308A881C1A077800A2EBEE = {
			isa = PBXGroup;
			children = (
				71308A931C1A077800A2EBEE /* IceCream */,
				71308AA81C1A077800A2EBEE /* IceCreamTests */,
				71308AB31C1A077800A2EBEE /* IceCreamUITests */,
				71308A921C1A077800A2EBEE /* Products */,
			);
			sourceTree = "<group>";
		};
		71308A921C1A077800A2EBEE /* Products */ = {
			isa = PBXGroup;
			children = (
				71308A911C1A077800A2EBEE /* IceCream.app */,
				71308AA51C1A077800A2EBEE /* IceCreamTests.xctest */,
				71308AB01C1A077800A2EBEE /* IceCreamUITests.xctest */,
			);
			name = Products;
			sourceTree = "<group>";
		};
		71308A931C1A077800A2EBEE /* IceCream */ = {
			isa = PBXGroup;
			children = (
				71308A941C1A077800A2EBEE /* AppDelegate.swift */,
				71308AC21C1A082100A2EBEE /* IceCreamListViewController.swift */,
				71308AC41C1A091B00A2EBEE /* IceCreamStore.swift */,
				71308A981C1A077800A2EBEE /* Main.storyboard */,
				71308A9B1C1A077800A2EBEE /* Assets.xcassets */,
				71308A9D1C1A077800A2EBEE /* LaunchScreen.storyboard */,
				71308AA01C1A077800A2EBEE /* Info.plist */,
			);
			path = IceCream;
			sourceTree = "<group>";
		};
		71308AA81C1A077800A2EBEE /* IceCreamTests */ = {
			isa = PBXGroup;
			children = (
				71308AA91C1A077800A2EBEE /* IceCreamTests.swift */,
				71308AAB1C1A077800A2EBEE /* Info.plist */,
			);
			path = IceCreamTests;
			sourceTree = "<group>";
		};
		71308AB31C1A077800A2EBEE /* IceCreamUITests */ = {
			isa = PBXGroup;
			children = (
				71308AB41C1A077800A2EBEE /* IceCreamUITests.swift */,
				71308AB61C1A077800A2EBEE /* Info.plist */,
			);
			path = IceCreamUITests;
			sourceTree = "<group>";
		};
/* End PBXGroup section */

/* Begin PBXNativeTarget section */
		71308A901C1A077800A2EBEE /* IceCream */ = {
			isa = PBXNativeTarget;
			buildConfigurationList = 71308AB91C1A077800A2EBEE /* Build configuration list for PBXNativeTarget "IceCream" */;
			buildPhases = (
				71308A8D1C1A077800A2EBEE /* Sources */,
				71308A8E1C1A077800A2EBEE /* Frameworks */,
				71308A8F1C1A077800A2EBEE /* Resources */,
			);
			buildRules = (
			);
			dependencies = (
			);
			name = IceCream;
			productName = IceCream;
			productReference = 71308A911C1A077800A2EBEE /* IceCream.app */;
			productType = "com.apple.product-type.application";
		};
		71308AA41C1A077800A2EBEE /* IceCreamTests */ = {
			isa = PBXNativeTarget;
			buildConfigurationList = 71308ABC1C1A077800A2EBEE /* Build configuration list for PBXNativeTarget "IceCreamTests" */;
			buildPhases = (
				71308AA11C1A077800A2EBEE /* Sources */,
				71308AA21C1A077800A2EBEE /* Frameworks */,
				71308AA31C1A077800A2EBEE /* Resources */,
			);
			buildRules = (
			);
			dependencies = (
				71308AA71C1A077800A2EBEE /* PBXTargetDependency */,
			);
			name = IceCreamTests;
			productName = IceCreamTests;
			productReference = 71308AA51C1A077800A2EBEE /* IceCreamTests.xctest */;
			productType = "com.apple.product-type.bundle.unit-test";
		};
		71308AAF1C1A077800A2EBEE /* IceCreamUITests */ = {
			isa = PBXNativeTarget;
			buildConfigurationList = 71308ABF1C1A077800A2EBEE /* Build configuration list for PBXNativeTarget "IceCreamUITests" */;
			buildPhases = (
				71308AAC1C1A077800A2EBEE /* Sources */,
				71308AAD1C1A077800A2EBEE /* Frameworks */,
				71308AAE1C1A077800A2EBEE /* Resources */,
			);
			buildRules = (
			);
			dependencies = (
				71308AB21C1A077800A2EBEE /* PBXTargetDependency */,
			);
			name = IceCreamUITests;
			productName = IceCreamUITests;
			productReference = 71308AB01C1A077800A2EBEE /* IceCreamUITests.xctest */;
			productType = "com.apple.product-type.bundle.ui-testing";
		};
/* End PBXNativeTarget section */

/* Begin PBXProject section */
		71308A891C1A077800A2EBEE /* Project object */ = {
			isa = PBXProject;
			attributes = {
				LastSwiftUpdateCheck = 0720;
				LastUpgradeCheck = 0720;
				ORGANIZATIONNAME = "Raymond Law";
				TargetAttributes = {
					71308A901C1A077800A2EBEE = {
						CreatedOnToolsVersion = 7.2;
					};
					71308AA41C1A077800A2EBEE = {
						CreatedOnToolsVersion = 7.2;
						TestTargetID = 71308A901C1A077800A2EBEE;
					};
					71308AAF1C1A077800A2EBEE = {
						CreatedOnToolsVersion = 7.2;
						TestTargetID = 71308A901C1A077800A2EBEE;
					};
				};
			};
			buildConfigurationList = 71308A8C1C1A077800A2EBEE /* Build configuration list for PBXProject "IceCream" */;
			compatibilityVersion = "Xcode 3.2";
			developmentRegion = English;
			hasScannedForEncodings = 0;
			knownRegions = (
				en,
				Base,
			);
			mainGroup = 71308A881C1A077800A2EBEE;
			productRefGroup = 71308A921C1A077800A2EBEE /* Products */;
			projectDirPath = "";
			projectRoot = "";
			targets = (
				71308A901C1A077800A2EBEE /* IceCream */,
				71308AA41C1A077800A2EBEE /* IceCreamTests */,
				71308AAF1C1A077800A2EBEE /* IceCreamUITests */,
			);
		};
/* End PBXProject section */

/* Begin PBXResourcesBuildPhase section */
		71308A8F1C1A077800A2EBEE /* Resources */ = {
			isa = PBXResourcesBuildPhase;
			buildActionMask = 2147483647;
			files = (
				71308A9F1C1A077800A2EBEE /* LaunchScreen.storyboard in Resources */,
				71308A9C1C1A077800A2EBEE /* Assets.xcassets in Resources */,
				71308A9A1C1A077800A2EBEE /* Main.storyboard in Resources */,
			);
			runOnlyForDeploymentPostprocessing = 0;
		};
		71308AA31C1A077800A2EBEE /* Resources */ = {
			isa = PBXResourcesBuildPhase;
			buildActionMask = 2147483647;
			files = (
			);
			runOnlyForDeploymentPostprocessing = 0;
		};
		71308AAE1C1A077800A2EBEE /* Resources */ = {
			isa = PBXResourcesBuildPhase;
			buildActionMask = 2147483647;
			files = (
			);
			runOnlyForDeploymentPostprocessing = 0;
		};
/* End PBXResourcesBuildPhase section */

/* Begin PBXSourcesBuildPhase section */
		71308A8D1C1A077800A2EBEE /* Sources */ = {
			isa = PBXSourcesBuildPhase;
			buildActionMask = 2147483647;
			files = (
				71308AC51C1A091B00A2EBEE /* IceCreamStore.swift in Sources */,
				71308AC31C1A082100A2EBEE /* IceCreamListViewController.swift in Sources */,
				71308A951C1A077800A2EBEE /* AppDelegate.swift in Sources */,
			);
			runOnlyForDeploymentPostprocessing = 0;
		};
		71308AA11C1A077800A2EBEE /* Sources */ = {
			isa = PBXSourcesBuildPhase;
			buildActionMask = 2147483647;
			files = (
				71308AAA1C1A077800A2EBEE /* IceCreamTests.swift in Sources */,
			);
			runOnlyForDeploymentPostprocessing = 0;
		};
		71308AAC1C1A077800A2EBEE /* Sources */ = {
			isa = PBXSourcesBuildPhase;
			buildActionMask = 2147483647;
			files = (
				71308AB51C1A077800A2EBEE /* IceCreamUITests.swift in Sources */,
			);
			runOnlyForDeploymentPostprocessing = 0;
		};
/* End PBXSourcesBuildPhase section */

/* Begin PBXTargetDependency section */
		71308AA71C1A077800A2EBEE /* PBXTargetDependency */ = {
			isa = PBXTargetDependency;
			target = 71308A901C1A077800A2EBEE /* IceCream */;
			targetProxy = 71308AA61C1A077800A2EBEE /* PBXContainerItemProxy */;
		};
		71308AB21C1A077800A2EBEE /* PBXTargetDependency */ = {
			isa = PBXTargetDependency;
			target = 71308A901C1A077800A2EBEE /* IceCream */;
			targetProxy = 71308AB11C1A077800A2EBEE /* PBXContainerItemProxy */;
		};
/* End PBXTargetDependency section */

/* Begin PBXVariantGroup section */
		71308A981C1A077800A2EBEE /* Main.storyboard */ = {
			isa = PBXVariantGroup;
			children = (
				71308A991C1A077800A2EBEE /* Base */,
			);
			name = Main.storyboard;
			sourceTree = "<group>";
		};
		71308A9D1C1A077800A2EBEE /* LaunchScreen.storyboard */ = {
			isa = PBXVariantGroup;
			children = (
				71308A9E1C1A077800A2EBEE /* Base */,
			);
			name = LaunchScreen.storyboard;
			sourceTree = "<group>";
		};
/* End PBXVariantGroup section */

/* Begin XCBuildConfiguration section */
		71308AB71C1A077800A2EBEE /* Debug */ = {
			isa = XCBuildConfiguration;
			buildSettings = {
				ALWAYS_SEARCH_USER_PATHS = NO;
				CLANG_CXX_LANGUAGE_STANDARD = "gnu++0x";
				CLANG_CXX_LIBRARY = "libc++";
				CLANG_ENABLE_MODULES = YES;
				CLANG_ENABLE_OBJC_ARC = YES;
				CLANG_WARN_BOOL_CONVERSION = YES;
				CLANG_WARN_CONSTANT_CONVERSION = YES;
				CLANG_WARN_DIRECT_OBJC_ISA_USAGE = YES_ERROR;
				CLANG_WARN_EMPTY_BODY = YES;
				CLANG_WARN_ENUM_CONVERSION = YES;
				CLANG_WARN_INT_CONVERSION = YES;
				CLANG_WARN_OBJC_ROOT_CLASS = YES_ERROR;
				CLANG_WARN_UNREACHABLE_CODE = YES;
				CLANG_WARN__DUPLICATE_METHOD_MATCH = YES;
				"CODE_SIGN_IDENTITY[sdk=iphoneos*]" = "iPhone Developer";
				COPY_PHASE_STRIP = NO;
				DEBUG_INFORMATION_FORMAT = dwarf;
				ENABLE_STRICT_OBJC_MSGSEND = YES;
				ENABLE_TESTABILITY = YES;
				GCC_C_LANGUAGE_STANDARD = gnu99;
				GCC_DYNAMIC_NO_PIC = NO;
				GCC_NO_COMMON_BLOCKS = YES;
				GCC_OPTIMIZATION_LEVEL = 0;
				GCC_PREPROCESSOR_DEFINITIONS = (
					"DEBUG=1",
					"$(inherited)",
				);
				GCC_WARN_64_TO_32_BIT_CONVERSION = YES;
				GCC_WARN_ABOUT_RETURN_TYPE = YES_ERROR;
				GCC_WARN_UNDECLARED_SELECTOR = YES;
				GCC_WARN_UNINITIALIZED_AUTOS = YES_AGGRESSIVE;
				GCC_WARN_UNUSED_FUNCTION = YES;
				GCC_WARN_UNUSED_VARIABLE = YES;
				IPHONEOS_DEPLOYMENT_TARGET = 9.2;
				MTL_ENABLE_DEBUG_INFO = YES;
				ONLY_ACTIVE_ARCH = YES;
				SDKROOT = iphoneos;
				SWIFT_OPTIMIZATION_LEVEL = "-Onone";
			};
			name = Debug;
		};
		71308AB81C1A077800A2EBEE /* Release */ = {
			isa = XCBuildConfiguration;
			buildSettings = {
				ALWAYS_SEARCH_USER_PATHS = NO;
				CLANG_CXX_LANGUAGE_STANDARD = "gnu++0x";
				CLANG_CXX_LIBRARY = "libc++";
				CLANG_ENABLE_MODULES = YES;
				CLANG_ENABLE_OBJC_ARC = YES;
				CLANG_WARN_BOOL_CONVERSION = YES;
				CLANG_WARN_CONSTANT_CONVERSION = YES;
				CLANG_WARN_DIRECT_OBJC_ISA_USAGE = YES_ERROR;
				CLANG_WARN_EMPTY_BODY = YES;
				CLANG_WARN_ENUM_CONVERSION = YES;
				CLANG_WARN_INT_CONVERSION = YES;
				CLANG_WARN_OBJC_ROOT_CLASS = YES_ERROR;
				CLANG_WARN_UNREACHABLE_CODE = YES;
				CLANG_WARN__DUPLICATE_METHOD_MATCH = YES;
				"CODE_SIGN_IDENTITY[sdk=iphoneos*]" = "iPhone Developer";
				COPY_PHASE_STRIP = NO;
				DEBUG_INFORMATION_FORMAT = "dwarf-with-dsym";
				ENABLE_NS_ASSERTIONS = NO;
				ENABLE_STRICT_OBJC_MSGSEND = YES;
				GCC_C_LANGUAGE_STANDARD = gnu99;
				GCC_NO_COMMON_BLOCKS = YES;
				GCC_WARN_64_TO_32_BIT_CONVERSION = YES;
				GCC_WARN_ABOUT_RETURN_TYPE = YES_ERROR;
				GCC_WARN_UNDECLARED_SELECTOR = YES;
				GCC_WARN_UNINITIALIZED_AUTOS = YES_AGGRESSIVE;
				GCC_WARN_UNUSED_FUNCTION = YES;
				GCC_WARN_UNUSED_VARIABLE = YES;
				IPHONEOS_DEPLOYMENT_TARGET = 9.2;
				MTL_ENABLE_DEBUG_INFO = NO;
				SDKROOT = iphoneos;
				VALIDATE_PRODUCT = YES;
			};
			name = Release;
		};
		71308ABA1C1A077800A2EBEE /* Debug */ = {
			isa = XCBuildConfiguration;
			buildSettings = {
				ASSETCATALOG_COMPILER_APPICON_NAME = AppIcon;
				INFOPLIST_FILE = IceCream/Info.plist;
				LD_RUNPATH_SEARCH_PATHS = "$(inherited) @executable_path/Frameworks";
				PRODUCT_BUNDLE_IDENTIFIER = "com.clean-swift.IceCream";
				PRODUCT_NAME = "$(TARGET_NAME)";
			};
			name = Debug;
		};
		71308ABB1C1A077800A2EBEE /* Release */ = {
			isa = XCBuildConfiguration;
			buildSettings = {
				ASSETCATALOG_COMPILER_APPICON_NAME = AppIcon;
				INFOPLIST_FILE = IceCream/Info.plist;
				LD_RUNPATH_SEARCH_PATHS = "$(inherited) @executable_path/Frameworks";
				PRODUCT_BUNDLE_IDENTIFIER = "com.clean-swift.IceCream";
				PRODUCT_NAME = "$(TARGET_NAME)";
			};
			name = Release;
		};
		71308ABD1C1A077800A2EBEE /* Debug */ = {
			isa = XCBuildConfiguration;
			buildSettings = {
				BUNDLE_LOADER = "$(TEST_HOST)";
				INFOPLIST_FILE = IceCreamTests/Info.plist;
				LD_RUNPATH_SEARCH_PATHS = "$(inherited) @executable_path/Frameworks @loader_path/Frameworks";
				PRODUCT_BUNDLE_IDENTIFIER = "com.clean-swift.IceCreamTests";
				PRODUCT_NAME = "$(TARGET_NAME)";
				TEST_HOST = "$(BUILT_PRODUCTS_DIR)/IceCream.app/IceCream";
			};
			name = Debug;
		};
		71308ABE1C1A077800A2EBEE /* Release */ = {
			isa = XCBuildConfiguration;
			buildSettings = {
				BUNDLE_LOADER = "$(TEST_HOST)";
				INFOPLIST_FILE = IceCreamTests/Info.plist;
				LD_RUNPATH_SEARCH_PATHS = "$(inherited) @executable_path/Frameworks @loader_path/Frameworks";
				PRODUCT_BUNDLE_IDENTIFIER = "com.clean-swift.IceCreamTests";
				PRODUCT_NAME = "$(TARGET_NAME)";
				TEST_HOST = "$(BUILT_PRODUCTS_DIR)/IceCream.app/IceCream";
			};
			name = Release;
		};
		71308AC01C1A077800A2EBEE /* Debug */ = {
			isa = XCBuildConfiguration;
			buildSettings = {
				INFOPLIST_FILE = IceCreamUITests/Info.plist;
				LD_RUNPATH_SEARCH_PATHS = "$(inherited) @executable_path/Frameworks @loader_path/Frameworks";
				PRODUCT_BUNDLE_IDENTIFIER = "com.clean-swift.IceCreamUITests";
				PRODUCT_NAME = "$(TARGET_NAME)";
				TEST_TARGET_NAME = IceCream;
				USES_XCTRUNNER = YES;
			};
			name = Debug;
		};
		71308AC11C1A077800A2EBEE /* Release */ = {
			isa = XCBuildConfiguration;
			buildSettings = {
				INFOPLIST_FILE = IceCreamUITests/Info.plist;
				LD_RUNPATH_SEARCH_PATHS = "$(inherited) @executable_path/Frameworks @loader_path/Frameworks";
				PRODUCT_BUNDLE_IDENTIFIER = "com.clean-swift.IceCreamUITests";
				PRODUCT_NAME = "$(TARGET_NAME)";
				TEST_TARGET_NAME = IceCream;
				USES_XCTRUNNER = YES;
			};
			name = Release;
		};
/* End XCBuildConfiguration section */

/* Begin XCConfigurationList section */
		71308A8C1C1A077800A2EBEE /* Build configuration list for PBXProject "IceCream" */ = {
			isa = XCConfigurationList;
			buildConfigurations = (
				71308AB71C1A077800A2EBEE /* Debug */,
				71308AB81C1A077800A2EBEE /* Release */,
			);
			defaultConfigurationIsVisible = 0;
			defaultConfigurationName = Release;
		};
		71308AB91C1A077800A2EBEE /* Build configuration list for PBXNativeTarget "IceCream" */ = {
			isa = XCConfigurationList;
			buildConfigurations = (
				71308ABA1C1A077800A2EBEE /* Debug */,
				71308ABB1C1A077800A2EBEE /* Release */,
			);
			defaultConfigurationIsVisible = 0;
		};
		71308ABC1C1A077800A2EBEE /* Build configuration list for PBXNativeTarget "IceCreamTests" */ = {
			isa = XCConfigurationList;
			buildConfigurations = (
				71308ABD1C1A077800A2EBEE /* Debug */,
				71308ABE1C1A077800A2EBEE /* Release */,
			);
			defaultConfigurationIsVisible = 0;
		};
		71308ABF1C1A077800A2EBEE /* Build configuration list for PBXNativeTarget "IceCreamUITests" */ = {
			isa = XCConfigurationList;
			buildConfigurations = (
				71308AC01C1A077800A2EBEE /* Debug */,
				71308AC11C1A077800A2EBEE /* Release */,
			);
			defaultConfigurationIsVisible = 0;
		};
/* End XCConfigurationList section */
	};
	rootObject = 71308A891C1A077800A2EBEE /* Project object */;
}
